
Microsoft Visual Studio Solution File, Format Version 12.00
# Visual Studio Version 17
VisualStudioVersion = 17.8.34511.84
MinimumVisualStudioVersion = 10.0.40219.1
Project("{2150E333-8FDC-42A3-9474-1A3956D46DE8}") = "Test", "Test", "{F0F8018C-5530-4B17-9625-4A6C31DB5CA0}"
EndProject
Project("{9A19103F-16F7-4668-BE54-9A1E7A4F7556}") = "CommMaster", "CommMaster\CommMaster.csproj", "{E568D5F8-8B9E-4ECF-83B2-BB8C37ABA7B1}"
EndProject
Project("{FAE04EC0-301F-11D3-BF4B-00C04F79EFBC}") = "CommPeerClientBase", "CommPeerClientBase\CommPeerClientBase.csproj", "{5CC1E0B3-1041-494B-AD85-C436E29B7647}"
EndProject
Global
	GlobalSection(SolutionConfigurationPlatforms) = preSolution
		Debug|Any CPU = Debug|Any CPU
		Release|Any CPU = Release|Any CPU
	EndGlobalSection
	GlobalSection(ProjectConfigurationPlatforms) = postSolution
		{E568D5F8-8B9E-4ECF-83B2-BB8C37ABA7B1}.Debug|Any CPU.ActiveCfg = Debug|Any CPU
		{E568D5F8-8B9E-4ECF-83B2-BB8C37ABA7B1}.Debug|Any CPU.Build.0 = Debug|Any CPU
		{E568D5F8-8B9E-4ECF-83B2-BB8C37ABA7B1}.Release|Any CPU.ActiveCfg = Release|Any CPU
		{E568D5F8-8B9E-4ECF-83B2-BB8C37ABA7B1}.Release|Any CPU.Build.0 = Release|Any CPU
		{5CC1E0B3-1041-494B-AD85-C436E29B7647}.Debug|Any CPU.ActiveCfg = Debug|Any CPU
		{5CC1E0B3-1041-494B-AD85-C436E29B7647}.Debug|Any CPU.Build.0 = Debug|Any CPU
		{5CC1E0B3-1041-494B-AD85-C436E29B7647}.Release|Any CPU.ActiveCfg = Release|Any CPU
		{5CC1E0B3-1041-494B-AD85-C436E29B7647}.Release|Any CPU.Build.0 = Release|Any CPU
	EndGlobalSection
	GlobalSection(SolutionProperties) = preSolution
		HideSolutionNode = FALSE
	EndGlobalSection
	GlobalSection(ExtensibilityGlobals) = postSolution
		SolutionGuid = {4C7E201D-0D24-46AF-A1C6-2CD33A6CF047}
	EndGlobalSection
EndGlobal
