
Microsoft Visual Studio Solution File, Format Version 12.00
# Visual Studio Version 17
VisualStudioVersion = 17.9.34607.119
MinimumVisualStudioVersion = 10.0.40219.1
Project("{FAE04EC0-301F-11D3-BF4B-00C04F79EFBC}") = "EasyRpc.Master", "EasyRpc.Master\EasyRpc.Master.csproj", "{2117EE14-0FEE-455E-935F-2F2F3FDC4FCD}"
EndProject
Project("{FAE04EC0-301F-11D3-BF4B-00C04F79EFBC}") = "EasyRpc.Core", "EasyRpc.Core\EasyRpc.Core.csproj", "{56BD3A8B-5A65-4582-B7E4-2F08FE7B78FB}"
EndProject
Project("{FAE04EC0-301F-11D3-BF4B-00C04F79EFBC}") = "EasyRpc.Peer.Net", "EasyRpc.Peer.Net\EasyRpc.Peer.Net.csproj", "{7662518C-0090-4180-B341-EE8192D7FA1B}"
EndProject
Project("{FAE04EC0-301F-11D3-BF4B-00C04F79EFBC}") = "EasyRpc.Plugin.SignalR", "EasyRpc.Plugin.SignalR\EasyRpc.Plugin.SignalR.csproj", "{73BC08C5-845F-48D8-A7D0-023AE709EBA7}"
EndProject
Global
	GlobalSection(SolutionConfigurationPlatforms) = preSolution
		Debug|Any CPU = Debug|Any CPU
		Release|Any CPU = Release|Any CPU
	EndGlobalSection
	GlobalSection(ProjectConfigurationPlatforms) = postSolution
		{2117EE14-0FEE-455E-935F-2F2F3FDC4FCD}.Debug|Any CPU.ActiveCfg = Debug|Any CPU
		{2117EE14-0FEE-455E-935F-2F2F3FDC4FCD}.Debug|Any CPU.Build.0 = Debug|Any CPU
		{2117EE14-0FEE-455E-935F-2F2F3FDC4FCD}.Release|Any CPU.ActiveCfg = Release|Any CPU
		{2117EE14-0FEE-455E-935F-2F2F3FDC4FCD}.Release|Any CPU.Build.0 = Release|Any CPU
		{56BD3A8B-5A65-4582-B7E4-2F08FE7B78FB}.Debug|Any CPU.ActiveCfg = Debug|Any CPU
		{56BD3A8B-5A65-4582-B7E4-2F08FE7B78FB}.Debug|Any CPU.Build.0 = Debug|Any CPU
		{56BD3A8B-5A65-4582-B7E4-2F08FE7B78FB}.Release|Any CPU.ActiveCfg = Release|Any CPU
		{56BD3A8B-5A65-4582-B7E4-2F08FE7B78FB}.Release|Any CPU.Build.0 = Release|Any CPU
		{7662518C-0090-4180-B341-EE8192D7FA1B}.Debug|Any CPU.ActiveCfg = Debug|Any CPU
		{7662518C-0090-4180-B341-EE8192D7FA1B}.Debug|Any CPU.Build.0 = Debug|Any CPU
		{7662518C-0090-4180-B341-EE8192D7FA1B}.Release|Any CPU.ActiveCfg = Release|Any CPU
		{7662518C-0090-4180-B341-EE8192D7FA1B}.Release|Any CPU.Build.0 = Release|Any CPU
		{73BC08C5-845F-48D8-A7D0-023AE709EBA7}.Debug|Any CPU.ActiveCfg = Debug|Any CPU
		{73BC08C5-845F-48D8-A7D0-023AE709EBA7}.Debug|Any CPU.Build.0 = Debug|Any CPU
		{73BC08C5-845F-48D8-A7D0-023AE709EBA7}.Release|Any CPU.ActiveCfg = Release|Any CPU
		{73BC08C5-845F-48D8-A7D0-023AE709EBA7}.Release|Any CPU.Build.0 = Release|Any CPU
	EndGlobalSection
	GlobalSection(SolutionProperties) = preSolution
		HideSolutionNode = FALSE
	EndGlobalSection
	GlobalSection(ExtensibilityGlobals) = postSolution
		SolutionGuid = {B679F4A8-A524-4816-9B5D-46D7E1DD3E19}
	EndGlobalSection
EndGlobal
